
Microsoft Visual Studio Solution File, Format Version 12.00
# Visual Studio Version 16
VisualStudioVersion = 16.0.30711.63
MinimumVisualStudioVersion = 10.0.40219.1
Project("{FAE04EC0-301F-11D3-BF4B-00C04F79EFBC}") = "ResponsiPemrograman3363", "Responsi UTS\ResponsiPemrograman3363.csproj", "{EAB0B9B6-01F2-4989-9F96-90A8CFAD4EBA}"
EndProject
Global
	GlobalSection(SolutionConfigurationPlatforms) = preSolution
		Debug|Any CPU = Debug|Any CPU
		Release|Any CPU = Release|Any CPU
	EndGlobalSection
	GlobalSection(ProjectConfigurationPlatforms) = postSolution
		{EAB0B9B6-01F2-4989-9F96-90A8CFAD4EBA}.Debug|Any CPU.ActiveCfg = Debug|Any CPU
		{EAB0B9B6-01F2-4989-9F96-90A8CFAD4EBA}.Debug|Any CPU.Build.0 = Debug|Any CPU
		{EAB0B9B6-01F2-4989-9F96-90A8CFAD4EBA}.Release|Any CPU.ActiveCfg = Release|Any CPU
		{EAB0B9B6-01F2-4989-9F96-90A8CFAD4EBA}.Release|Any CPU.Build.0 = Release|Any CPU
	EndGlobalSection
	GlobalSection(SolutionProperties) = preSolution
		HideSolutionNode = FALSE
	EndGlobalSection
	GlobalSection(ExtensibilityGlobals) = postSolution
		SolutionGuid = {5E469104-9E98-408D-A366-624215A7D58B}
	EndGlobalSection
EndGlobal
